
Microsoft Visual Studio Solution File, Format Version 12.00
# Visual Studio 15
VisualStudioVersion = 15.0.26730.15
MinimumVisualStudioVersion = 10.0.40219.1
Project("{FAE04EC0-301F-11D3-BF4B-00C04F79EFBC}") = "01_DayOfWeek", "01_DayOfWeek\01_DayOfWeek.csproj", "{413D61DF-82E5-44FC-A2E0-067F1EC4574C}"
EndProject
Project("{FAE04EC0-301F-11D3-BF4B-00C04F79EFBC}") = "02_RandomizeWords", "02_RandomizeWords\02_RandomizeWords.csproj", "{D37B999C-7D86-45A3-AF09-1AA59C4390B1}"
EndProject
Project("{FAE04EC0-301F-11D3-BF4B-00C04F79EFBC}") = "03_BigFactorial", "03_BigFactorial\03_BigFactorial.csproj", "{811A0876-8C6C-4C4E-B11D-722E16256ECC}"
EndProject
Project("{FAE04EC0-301F-11D3-BF4B-00C04F79EFBC}") = "04_DistanceBetweenPoints", "04_DistanceBetweenPoints\04_DistanceBetweenPoints.csproj", "{D5EA30C3-6262-4692-9B95-90EC7E470722}"
EndProject
Project("{FAE04EC0-301F-11D3-BF4B-00C04F79EFBC}") = "05_ClosestTwoPoints", "05_ClosestTwoPoints\05_ClosestTwoPoints.csproj", "{A4A5983C-0EF7-4336-BABC-BF331B50D2FF}"
EndProject
Project("{FAE04EC0-301F-11D3-BF4B-00C04F79EFBC}") = "06_RectanglePositions", "06_RectanglePositions\06_RectanglePositions.csproj", "{2D7EFDFF-05CD-4596-8FE9-0A9A3C6D8B76}"
EndProject
Project("{FAE04EC0-301F-11D3-BF4B-00C04F79EFBC}") = "07_SalesReport", "07_SalesReport\07_SalesReport.csproj", "{DCC64A2D-5F6A-4B55-B28B-3012FBFB49BA}"
EndProject
Global
	GlobalSection(SolutionConfigurationPlatforms) = preSolution
		Debug|Any CPU = Debug|Any CPU
		Release|Any CPU = Release|Any CPU
	EndGlobalSection
	GlobalSection(ProjectConfigurationPlatforms) = postSolution
		{413D61DF-82E5-44FC-A2E0-067F1EC4574C}.Debug|Any CPU.ActiveCfg = Debug|Any CPU
		{413D61DF-82E5-44FC-A2E0-067F1EC4574C}.Debug|Any CPU.Build.0 = Debug|Any CPU
		{413D61DF-82E5-44FC-A2E0-067F1EC4574C}.Release|Any CPU.ActiveCfg = Release|Any CPU
		{413D61DF-82E5-44FC-A2E0-067F1EC4574C}.Release|Any CPU.Build.0 = Release|Any CPU
		{D37B999C-7D86-45A3-AF09-1AA59C4390B1}.Debug|Any CPU.ActiveCfg = Debug|Any CPU
		{D37B999C-7D86-45A3-AF09-1AA59C4390B1}.Debug|Any CPU.Build.0 = Debug|Any CPU
		{D37B999C-7D86-45A3-AF09-1AA59C4390B1}.Release|Any CPU.ActiveCfg = Release|Any CPU
		{D37B999C-7D86-45A3-AF09-1AA59C4390B1}.Release|Any CPU.Build.0 = Release|Any CPU
		{811A0876-8C6C-4C4E-B11D-722E16256ECC}.Debug|Any CPU.ActiveCfg = Debug|Any CPU
		{811A0876-8C6C-4C4E-B11D-722E16256ECC}.Debug|Any CPU.Build.0 = Debug|Any CPU
		{811A0876-8C6C-4C4E-B11D-722E16256ECC}.Release|Any CPU.ActiveCfg = Release|Any CPU
		{811A0876-8C6C-4C4E-B11D-722E16256ECC}.Release|Any CPU.Build.0 = Release|Any CPU
		{D5EA30C3-6262-4692-9B95-90EC7E470722}.Debug|Any CPU.ActiveCfg = Debug|Any CPU
		{D5EA30C3-6262-4692-9B95-90EC7E470722}.Debug|Any CPU.Build.0 = Debug|Any CPU
		{D5EA30C3-6262-4692-9B95-90EC7E470722}.Release|Any CPU.ActiveCfg = Release|Any CPU
		{D5EA30C3-6262-4692-9B95-90EC7E470722}.Release|Any CPU.Build.0 = Release|Any CPU
		{A4A5983C-0EF7-4336-BABC-BF331B50D2FF}.Debug|Any CPU.ActiveCfg = Debug|Any CPU
		{A4A5983C-0EF7-4336-BABC-BF331B50D2FF}.Debug|Any CPU.Build.0 = Debug|Any CPU
		{A4A5983C-0EF7-4336-BABC-BF331B50D2FF}.Release|Any CPU.ActiveCfg = Release|Any CPU
		{A4A5983C-0EF7-4336-BABC-BF331B50D2FF}.Release|Any CPU.Build.0 = Release|Any CPU
		{2D7EFDFF-05CD-4596-8FE9-0A9A3C6D8B76}.Debug|Any CPU.ActiveCfg = Debug|Any CPU
		{2D7EFDFF-05CD-4596-8FE9-0A9A3C6D8B76}.Debug|Any CPU.Build.0 = Debug|Any CPU
		{2D7EFDFF-05CD-4596-8FE9-0A9A3C6D8B76}.Release|Any CPU.ActiveCfg = Release|Any CPU
		{2D7EFDFF-05CD-4596-8FE9-0A9A3C6D8B76}.Release|Any CPU.Build.0 = Release|Any CPU
		{DCC64A2D-5F6A-4B55-B28B-3012FBFB49BA}.Debug|Any CPU.ActiveCfg = Debug|Any CPU
		{DCC64A2D-5F6A-4B55-B28B-3012FBFB49BA}.Debug|Any CPU.Build.0 = Debug|Any CPU
		{DCC64A2D-5F6A-4B55-B28B-3012FBFB49BA}.Release|Any CPU.ActiveCfg = Release|Any CPU
		{DCC64A2D-5F6A-4B55-B28B-3012FBFB49BA}.Release|Any CPU.Build.0 = Release|Any CPU
	EndGlobalSection
	GlobalSection(SolutionProperties) = preSolution
		HideSolutionNode = FALSE
	EndGlobalSection
	GlobalSection(ExtensibilityGlobals) = postSolution
		SolutionGuid = {DC7E8713-EDD1-438F-986C-46B6F1B6B8BF}
	EndGlobalSection
EndGlobal
