
Microsoft Visual Studio Solution File, Format Version 12.00
# Visual Studio 15
VisualStudioVersion = 15.0.26730.15
MinimumVisualStudioVersion = 10.0.40219.1
Project("{FAE04EC0-301F-11D3-BF4B-00C04F79EFBC}") = "01_Blank Receipt", "01_Blank Receipt\01_Blank Receipt.csproj", "{B9ECDB99-0A3C-4628-8707-1E5F5EEFE6E1}"
EndProject
Global
	GlobalSection(SolutionConfigurationPlatforms) = preSolution
		Debug|Any CPU = Debug|Any CPU
		Release|Any CPU = Release|Any CPU
	EndGlobalSection
	GlobalSection(ProjectConfigurationPlatforms) = postSolution
		{B9ECDB99-0A3C-4628-8707-1E5F5EEFE6E1}.Debug|Any CPU.ActiveCfg = Debug|Any CPU
		{B9ECDB99-0A3C-4628-8707-1E5F5EEFE6E1}.Debug|Any CPU.Build.0 = Debug|Any CPU
		{B9ECDB99-0A3C-4628-8707-1E5F5EEFE6E1}.Release|Any CPU.ActiveCfg = Release|Any CPU
		{B9ECDB99-0A3C-4628-8707-1E5F5EEFE6E1}.Release|Any CPU.Build.0 = Release|Any CPU
	EndGlobalSection
	GlobalSection(SolutionProperties) = preSolution
		HideSolutionNode = FALSE
	EndGlobalSection
	GlobalSection(ExtensibilityGlobals) = postSolution
		SolutionGuid = {DB75CD8C-7AC0-4007-A2C9-064B00FBE36A}
	EndGlobalSection
EndGlobal
