
Microsoft Visual Studio Solution File, Format Version 12.00
# Visual Studio 15
VisualStudioVersion = 15.0.26730.15
MinimumVisualStudioVersion = 10.0.40219.1
Project("{FAE04EC0-301F-11D3-BF4B-00C04F79EFBC}") = "01_MatchFullName", "01_MatchFullName\01_MatchFullName.csproj", "{D3487239-4710-4D77-BE11-281695E89AB3}"
EndProject
Project("{FAE04EC0-301F-11D3-BF4B-00C04F79EFBC}") = "02_MatchPhoneNumber", "02_MatchPhoneNumber\02_MatchPhoneNumber.csproj", "{4889EE2F-6B62-45B9-8A5D-11334DAFF707}"
EndProject
Project("{FAE04EC0-301F-11D3-BF4B-00C04F79EFBC}") = "03_MatchHexNums", "03_MatchHexNums\03_MatchHexNums.csproj", "{4C17FC88-B66C-427A-8834-6879B2568692}"
EndProject
Project("{FAE04EC0-301F-11D3-BF4B-00C04F79EFBC}") = "04_MatchDates", "04_MatchDates\04_MatchDates.csproj", "{1276A584-1F6A-4C87-AA97-E7DF5A5D4586}"
EndProject
Project("{FAE04EC0-301F-11D3-BF4B-00C04F79EFBC}") = "05_MatchNumbers", "05_MatchNumbers\05_MatchNumbers.csproj", "{BF68A998-EC0E-49DE-8340-BEB4F922A4A7}"
EndProject
Project("{FAE04EC0-301F-11D3-BF4B-00C04F79EFBC}") = "06_ReplaceATag", "06_ReplaceATag\06_ReplaceATag.csproj", "{515364D5-CC32-4F0D-930B-3C48EA34FAF6}"
EndProject
Global
	GlobalSection(SolutionConfigurationPlatforms) = preSolution
		Debug|Any CPU = Debug|Any CPU
		Release|Any CPU = Release|Any CPU
	EndGlobalSection
	GlobalSection(ProjectConfigurationPlatforms) = postSolution
		{D3487239-4710-4D77-BE11-281695E89AB3}.Debug|Any CPU.ActiveCfg = Debug|Any CPU
		{D3487239-4710-4D77-BE11-281695E89AB3}.Debug|Any CPU.Build.0 = Debug|Any CPU
		{D3487239-4710-4D77-BE11-281695E89AB3}.Release|Any CPU.ActiveCfg = Release|Any CPU
		{D3487239-4710-4D77-BE11-281695E89AB3}.Release|Any CPU.Build.0 = Release|Any CPU
		{4889EE2F-6B62-45B9-8A5D-11334DAFF707}.Debug|Any CPU.ActiveCfg = Debug|Any CPU
		{4889EE2F-6B62-45B9-8A5D-11334DAFF707}.Debug|Any CPU.Build.0 = Debug|Any CPU
		{4889EE2F-6B62-45B9-8A5D-11334DAFF707}.Release|Any CPU.ActiveCfg = Release|Any CPU
		{4889EE2F-6B62-45B9-8A5D-11334DAFF707}.Release|Any CPU.Build.0 = Release|Any CPU
		{4C17FC88-B66C-427A-8834-6879B2568692}.Debug|Any CPU.ActiveCfg = Debug|Any CPU
		{4C17FC88-B66C-427A-8834-6879B2568692}.Debug|Any CPU.Build.0 = Debug|Any CPU
		{4C17FC88-B66C-427A-8834-6879B2568692}.Release|Any CPU.ActiveCfg = Release|Any CPU
		{4C17FC88-B66C-427A-8834-6879B2568692}.Release|Any CPU.Build.0 = Release|Any CPU
		{1276A584-1F6A-4C87-AA97-E7DF5A5D4586}.Debug|Any CPU.ActiveCfg = Debug|Any CPU
		{1276A584-1F6A-4C87-AA97-E7DF5A5D4586}.Debug|Any CPU.Build.0 = Debug|Any CPU
		{1276A584-1F6A-4C87-AA97-E7DF5A5D4586}.Release|Any CPU.ActiveCfg = Release|Any CPU
		{1276A584-1F6A-4C87-AA97-E7DF5A5D4586}.Release|Any CPU.Build.0 = Release|Any CPU
		{BF68A998-EC0E-49DE-8340-BEB4F922A4A7}.Debug|Any CPU.ActiveCfg = Debug|Any CPU
		{BF68A998-EC0E-49DE-8340-BEB4F922A4A7}.Debug|Any CPU.Build.0 = Debug|Any CPU
		{BF68A998-EC0E-49DE-8340-BEB4F922A4A7}.Release|Any CPU.ActiveCfg = Release|Any CPU
		{BF68A998-EC0E-49DE-8340-BEB4F922A4A7}.Release|Any CPU.Build.0 = Release|Any CPU
		{515364D5-CC32-4F0D-930B-3C48EA34FAF6}.Debug|Any CPU.ActiveCfg = Debug|Any CPU
		{515364D5-CC32-4F0D-930B-3C48EA34FAF6}.Debug|Any CPU.Build.0 = Debug|Any CPU
		{515364D5-CC32-4F0D-930B-3C48EA34FAF6}.Release|Any CPU.ActiveCfg = Release|Any CPU
		{515364D5-CC32-4F0D-930B-3C48EA34FAF6}.Release|Any CPU.Build.0 = Release|Any CPU
	EndGlobalSection
	GlobalSection(SolutionProperties) = preSolution
		HideSolutionNode = FALSE
	EndGlobalSection
	GlobalSection(ExtensibilityGlobals) = postSolution
		SolutionGuid = {B8FBC086-B8A6-4587-ADEF-E369FE660BEF}
	EndGlobalSection
EndGlobal
