
Microsoft Visual Studio Solution File, Format Version 12.00
# Visual Studio 15
VisualStudioVersion = 15.0.26730.15
MinimumVisualStudioVersion = 10.0.40219.1
Project("{FAE04EC0-301F-11D3-BF4B-00C04F79EFBC}") = "01_CountRealNumbers", "01_CountRealNumbers\01_CountRealNumbers.csproj", "{F7887602-6C88-4C6E-8336-2B0792A332BE}"
EndProject
Project("{FAE04EC0-301F-11D3-BF4B-00C04F79EFBC}") = "02_OddOccurrences", "02_OddOccurrences\02_OddOccurrences.csproj", "{48FA53E9-0009-4FFF-A2E1-185ADC58DD3C}"
EndProject
Project("{FAE04EC0-301F-11D3-BF4B-00C04F79EFBC}") = "03_SumMinMaxAverage", "03_SumMinMaxAverage\03_SumMinMaxAverage.csproj", "{E7E75C82-C80B-46CA-82B7-59415A89AD8E}"
EndProject
Project("{FAE04EC0-301F-11D3-BF4B-00C04F79EFBC}") = "04_LargestThreeNumbers", "04_LargestThreeNumbers\04_LargestThreeNumbers.csproj", "{7304F642-B1C1-478B-87A6-5FFFFB4B61A8}"
EndProject
Project("{FAE04EC0-301F-11D3-BF4B-00C04F79EFBC}") = "05_ShortWordsSorted", "05_ShortWordsSorted\05_ShortWordsSorted.csproj", "{F5264B00-1A11-48DB-9386-689DD048C29C}"
EndProject
Project("{FAE04EC0-301F-11D3-BF4B-00C04F79EFBC}") = "06_FoldAndSum", "06_FoldAndSum\06_FoldAndSum.csproj", "{6AA31121-C073-48F3-874C-B23C2068FDEC}"
EndProject
Global
	GlobalSection(SolutionConfigurationPlatforms) = preSolution
		Debug|Any CPU = Debug|Any CPU
		Release|Any CPU = Release|Any CPU
	EndGlobalSection
	GlobalSection(ProjectConfigurationPlatforms) = postSolution
		{F7887602-6C88-4C6E-8336-2B0792A332BE}.Debug|Any CPU.ActiveCfg = Debug|Any CPU
		{F7887602-6C88-4C6E-8336-2B0792A332BE}.Debug|Any CPU.Build.0 = Debug|Any CPU
		{F7887602-6C88-4C6E-8336-2B0792A332BE}.Release|Any CPU.ActiveCfg = Release|Any CPU
		{F7887602-6C88-4C6E-8336-2B0792A332BE}.Release|Any CPU.Build.0 = Release|Any CPU
		{48FA53E9-0009-4FFF-A2E1-185ADC58DD3C}.Debug|Any CPU.ActiveCfg = Debug|Any CPU
		{48FA53E9-0009-4FFF-A2E1-185ADC58DD3C}.Debug|Any CPU.Build.0 = Debug|Any CPU
		{48FA53E9-0009-4FFF-A2E1-185ADC58DD3C}.Release|Any CPU.ActiveCfg = Release|Any CPU
		{48FA53E9-0009-4FFF-A2E1-185ADC58DD3C}.Release|Any CPU.Build.0 = Release|Any CPU
		{E7E75C82-C80B-46CA-82B7-59415A89AD8E}.Debug|Any CPU.ActiveCfg = Debug|Any CPU
		{E7E75C82-C80B-46CA-82B7-59415A89AD8E}.Debug|Any CPU.Build.0 = Debug|Any CPU
		{E7E75C82-C80B-46CA-82B7-59415A89AD8E}.Release|Any CPU.ActiveCfg = Release|Any CPU
		{E7E75C82-C80B-46CA-82B7-59415A89AD8E}.Release|Any CPU.Build.0 = Release|Any CPU
		{7304F642-B1C1-478B-87A6-5FFFFB4B61A8}.Debug|Any CPU.ActiveCfg = Debug|Any CPU
		{7304F642-B1C1-478B-87A6-5FFFFB4B61A8}.Debug|Any CPU.Build.0 = Debug|Any CPU
		{7304F642-B1C1-478B-87A6-5FFFFB4B61A8}.Release|Any CPU.ActiveCfg = Release|Any CPU
		{7304F642-B1C1-478B-87A6-5FFFFB4B61A8}.Release|Any CPU.Build.0 = Release|Any CPU
		{F5264B00-1A11-48DB-9386-689DD048C29C}.Debug|Any CPU.ActiveCfg = Debug|Any CPU
		{F5264B00-1A11-48DB-9386-689DD048C29C}.Debug|Any CPU.Build.0 = Debug|Any CPU
		{F5264B00-1A11-48DB-9386-689DD048C29C}.Release|Any CPU.ActiveCfg = Release|Any CPU
		{F5264B00-1A11-48DB-9386-689DD048C29C}.Release|Any CPU.Build.0 = Release|Any CPU
		{6AA31121-C073-48F3-874C-B23C2068FDEC}.Debug|Any CPU.ActiveCfg = Debug|Any CPU
		{6AA31121-C073-48F3-874C-B23C2068FDEC}.Debug|Any CPU.Build.0 = Debug|Any CPU
		{6AA31121-C073-48F3-874C-B23C2068FDEC}.Release|Any CPU.ActiveCfg = Release|Any CPU
		{6AA31121-C073-48F3-874C-B23C2068FDEC}.Release|Any CPU.Build.0 = Release|Any CPU
	EndGlobalSection
	GlobalSection(SolutionProperties) = preSolution
		HideSolutionNode = FALSE
	EndGlobalSection
	GlobalSection(ExtensibilityGlobals) = postSolution
		SolutionGuid = {ED0C701B-FE70-46EE-835F-4BC07E213CBA}
	EndGlobalSection
EndGlobal
