
Microsoft Visual Studio Solution File, Format Version 12.00
# Visual Studio 15
VisualStudioVersion = 15.0.26730.15
MinimumVisualStudioVersion = 10.0.40219.1
Project("{FAE04EC0-301F-11D3-BF4B-00C04F79EFBC}") = "01_DayOfWeek", "01_DayOfWeek\01_DayOfWeek.csproj", "{93125DC1-54C2-4A1B-930E-E6722770A5C7}"
EndProject
Project("{FAE04EC0-301F-11D3-BF4B-00C04F79EFBC}") = "02_ReverseArrayOfInts", "02_ReverseArrayOfInts\02_ReverseArrayOfInts.csproj", "{409C9FC3-0E60-4F73-BDE2-EBF24579F41A}"
EndProject
Project("{FAE04EC0-301F-11D3-BF4B-00C04F79EFBC}") = "05_RoundingNumbers", "05_RoundingNumbers\05_RoundingNumbers.csproj", "{8D4820FF-4246-41CD-BBF8-AC42946B1CC1}"
EndProject
Project("{FAE04EC0-301F-11D3-BF4B-00C04F79EFBC}") = "03_LastKNumbers", "03_LastKNumbers\03_LastKNumbers.csproj", "{C103E55F-629E-4DA9-8B04-D30BA1FB58C2}"
EndProject
Project("{FAE04EC0-301F-11D3-BF4B-00C04F79EFBC}") = "04_TripleSum", "04_TripleSum\04_TripleSum.csproj", "{A02011A7-950C-4E85-A746-ACCC1A5A5627}"
EndProject
Project("{FAE04EC0-301F-11D3-BF4B-00C04F79EFBC}") = "06_ReverseArrayOfStrings", "06_ReverseArrayOfStrings\06_ReverseArrayOfStrings.csproj", "{FE36FD7A-668F-48F5-A733-FBE177FE0130}"
EndProject
Project("{FAE04EC0-301F-11D3-BF4B-00C04F79EFBC}") = "07_SumArrays", "07_SumArrays\07_SumArrays.csproj", "{367E2682-9F7A-482A-9AA8-8E89C622B4E2}"
EndProject
Project("{FAE04EC0-301F-11D3-BF4B-00C04F79EFBC}") = "08_CondenseArrayToNum", "08_CondenseArrayToNum\08_CondenseArrayToNum.csproj", "{D8A86808-26F1-4AFA-B480-DC846E02B2DA}"
EndProject
Project("{FAE04EC0-301F-11D3-BF4B-00C04F79EFBC}") = "09_ExtractMiddleElements", "09_ExtractMiddleElements\09_ExtractMiddleElements.csproj", "{FD427DD4-73EC-4907-9490-F8B262201BB6}"
EndProject
Global
	GlobalSection(SolutionConfigurationPlatforms) = preSolution
		Debug|Any CPU = Debug|Any CPU
		Release|Any CPU = Release|Any CPU
	EndGlobalSection
	GlobalSection(ProjectConfigurationPlatforms) = postSolution
		{93125DC1-54C2-4A1B-930E-E6722770A5C7}.Debug|Any CPU.ActiveCfg = Debug|Any CPU
		{93125DC1-54C2-4A1B-930E-E6722770A5C7}.Debug|Any CPU.Build.0 = Debug|Any CPU
		{93125DC1-54C2-4A1B-930E-E6722770A5C7}.Release|Any CPU.ActiveCfg = Release|Any CPU
		{93125DC1-54C2-4A1B-930E-E6722770A5C7}.Release|Any CPU.Build.0 = Release|Any CPU
		{409C9FC3-0E60-4F73-BDE2-EBF24579F41A}.Debug|Any CPU.ActiveCfg = Debug|Any CPU
		{409C9FC3-0E60-4F73-BDE2-EBF24579F41A}.Debug|Any CPU.Build.0 = Debug|Any CPU
		{409C9FC3-0E60-4F73-BDE2-EBF24579F41A}.Release|Any CPU.ActiveCfg = Release|Any CPU
		{409C9FC3-0E60-4F73-BDE2-EBF24579F41A}.Release|Any CPU.Build.0 = Release|Any CPU
		{8D4820FF-4246-41CD-BBF8-AC42946B1CC1}.Debug|Any CPU.ActiveCfg = Debug|Any CPU
		{8D4820FF-4246-41CD-BBF8-AC42946B1CC1}.Debug|Any CPU.Build.0 = Debug|Any CPU
		{8D4820FF-4246-41CD-BBF8-AC42946B1CC1}.Release|Any CPU.ActiveCfg = Release|Any CPU
		{8D4820FF-4246-41CD-BBF8-AC42946B1CC1}.Release|Any CPU.Build.0 = Release|Any CPU
		{C103E55F-629E-4DA9-8B04-D30BA1FB58C2}.Debug|Any CPU.ActiveCfg = Debug|Any CPU
		{C103E55F-629E-4DA9-8B04-D30BA1FB58C2}.Debug|Any CPU.Build.0 = Debug|Any CPU
		{C103E55F-629E-4DA9-8B04-D30BA1FB58C2}.Release|Any CPU.ActiveCfg = Release|Any CPU
		{C103E55F-629E-4DA9-8B04-D30BA1FB58C2}.Release|Any CPU.Build.0 = Release|Any CPU
		{A02011A7-950C-4E85-A746-ACCC1A5A5627}.Debug|Any CPU.ActiveCfg = Debug|Any CPU
		{A02011A7-950C-4E85-A746-ACCC1A5A5627}.Debug|Any CPU.Build.0 = Debug|Any CPU
		{A02011A7-950C-4E85-A746-ACCC1A5A5627}.Release|Any CPU.ActiveCfg = Release|Any CPU
		{A02011A7-950C-4E85-A746-ACCC1A5A5627}.Release|Any CPU.Build.0 = Release|Any CPU
		{FE36FD7A-668F-48F5-A733-FBE177FE0130}.Debug|Any CPU.ActiveCfg = Debug|Any CPU
		{FE36FD7A-668F-48F5-A733-FBE177FE0130}.Debug|Any CPU.Build.0 = Debug|Any CPU
		{FE36FD7A-668F-48F5-A733-FBE177FE0130}.Release|Any CPU.ActiveCfg = Release|Any CPU
		{FE36FD7A-668F-48F5-A733-FBE177FE0130}.Release|Any CPU.Build.0 = Release|Any CPU
		{367E2682-9F7A-482A-9AA8-8E89C622B4E2}.Debug|Any CPU.ActiveCfg = Debug|Any CPU
		{367E2682-9F7A-482A-9AA8-8E89C622B4E2}.Debug|Any CPU.Build.0 = Debug|Any CPU
		{367E2682-9F7A-482A-9AA8-8E89C622B4E2}.Release|Any CPU.ActiveCfg = Release|Any CPU
		{367E2682-9F7A-482A-9AA8-8E89C622B4E2}.Release|Any CPU.Build.0 = Release|Any CPU
		{D8A86808-26F1-4AFA-B480-DC846E02B2DA}.Debug|Any CPU.ActiveCfg = Debug|Any CPU
		{D8A86808-26F1-4AFA-B480-DC846E02B2DA}.Debug|Any CPU.Build.0 = Debug|Any CPU
		{D8A86808-26F1-4AFA-B480-DC846E02B2DA}.Release|Any CPU.ActiveCfg = Release|Any CPU
		{D8A86808-26F1-4AFA-B480-DC846E02B2DA}.Release|Any CPU.Build.0 = Release|Any CPU
		{FD427DD4-73EC-4907-9490-F8B262201BB6}.Debug|Any CPU.ActiveCfg = Debug|Any CPU
		{FD427DD4-73EC-4907-9490-F8B262201BB6}.Debug|Any CPU.Build.0 = Debug|Any CPU
		{FD427DD4-73EC-4907-9490-F8B262201BB6}.Release|Any CPU.ActiveCfg = Release|Any CPU
		{FD427DD4-73EC-4907-9490-F8B262201BB6}.Release|Any CPU.Build.0 = Release|Any CPU
	EndGlobalSection
	GlobalSection(SolutionProperties) = preSolution
		HideSolutionNode = FALSE
	EndGlobalSection
	GlobalSection(ExtensibilityGlobals) = postSolution
		SolutionGuid = {A35A080B-F934-4ACC-B2FB-C963B9FE6649}
	EndGlobalSection
EndGlobal
